
Microsoft Visual Studio Solution File, Format Version 12.00
# Visual Studio Version 16
VisualStudioVersion = 16.0.29230.61
MinimumVisualStudioVersion = 10.0.40219.1
Project("{FAE04EC0-301F-11D3-BF4B-00C04F79EFBC}") = "WikiExportParser.Console", "src\WikiExportParser.Console\WikiExportParser.Console.csproj", "{57FEE0AC-D2C8-4FAD-854D-3C2E19186361}"
EndProject
Project("{2150E333-8FDC-42A3-9474-1A3956D46DE8}") = "Solution Items", "Solution Items", "{959BBFA5-BB15-490D-8D50-7688FC5EEBAA}"
	ProjectSection(SolutionItems) = preProject
		readme.md = readme.md
	EndProjectSection
EndProject
Global
	GlobalSection(SolutionConfigurationPlatforms) = preSolution
		Debug|Any CPU = Debug|Any CPU
		Debug|Mixed Platforms = Debug|Mixed Platforms
		Debug|x86 = Debug|x86
		Release|Any CPU = Release|Any CPU
		Release|Mixed Platforms = Release|Mixed Platforms
		Release|x86 = Release|x86
	EndGlobalSection
	GlobalSection(ProjectConfigurationPlatforms) = postSolution
		{57FEE0AC-D2C8-4FAD-854D-3C2E19186361}.Debug|Any CPU.ActiveCfg = Debug|x86
		{57FEE0AC-D2C8-4FAD-854D-3C2E19186361}.Debug|Mixed Platforms.ActiveCfg = Debug|x86
		{57FEE0AC-D2C8-4FAD-854D-3C2E19186361}.Debug|Mixed Platforms.Build.0 = Debug|x86
		{57FEE0AC-D2C8-4FAD-854D-3C2E19186361}.Debug|x86.ActiveCfg = Debug|x86
		{57FEE0AC-D2C8-4FAD-854D-3C2E19186361}.Debug|x86.Build.0 = Debug|x86
		{57FEE0AC-D2C8-4FAD-854D-3C2E19186361}.Release|Any CPU.ActiveCfg = Release|x86
		{57FEE0AC-D2C8-4FAD-854D-3C2E19186361}.Release|Mixed Platforms.ActiveCfg = Release|x86
		{57FEE0AC-D2C8-4FAD-854D-3C2E19186361}.Release|Mixed Platforms.Build.0 = Release|x86
		{57FEE0AC-D2C8-4FAD-854D-3C2E19186361}.Release|x86.ActiveCfg = Release|x86
		{57FEE0AC-D2C8-4FAD-854D-3C2E19186361}.Release|x86.Build.0 = Release|x86
	EndGlobalSection
	GlobalSection(SolutionProperties) = preSolution
		HideSolutionNode = FALSE
	EndGlobalSection
	GlobalSection(ExtensibilityGlobals) = postSolution
		SolutionGuid = {7064A03A-956F-4FB8-9E87-9C8B03D8477D}
	EndGlobalSection
EndGlobal
